
Microsoft Visual Studio Solution File, Format Version 12.00
# Visual Studio Version 17
VisualStudioVersion = 17.2.32630.192
MinimumVisualStudioVersion = 10.0.40219.1
Project("{FAE04EC0-301F-11D3-BF4B-00C04F79EFBC}") = "Begin", "Begin\Begin.csproj", "{ED50FAAC-10F6-4434-9B13-DC844E6D952E}"
EndProject
Global
	GlobalSection(SolutionConfigurationPlatforms) = preSolution
		Debug|Any CPU = Debug|Any CPU
		Release|Any CPU = Release|Any CPU
	EndGlobalSection
	GlobalSection(ProjectConfigurationPlatforms) = postSolution
		{ED50FAAC-10F6-4434-9B13-DC844E6D952E}.Debug|Any CPU.ActiveCfg = Debug|Any CPU
		{ED50FAAC-10F6-4434-9B13-DC844E6D952E}.Debug|Any CPU.Build.0 = Debug|Any CPU
		{ED50FAAC-10F6-4434-9B13-DC844E6D952E}.Release|Any CPU.ActiveCfg = Release|Any CPU
		{ED50FAAC-10F6-4434-9B13-DC844E6D952E}.Release|Any CPU.Build.0 = Release|Any CPU
	EndGlobalSection
	GlobalSection(SolutionProperties) = preSolution
		HideSolutionNode = FALSE
	EndGlobalSection
	GlobalSection(ExtensibilityGlobals) = postSolution
		SolutionGuid = {F2B32282-C497-457E-A0DE-22C170747354}
	EndGlobalSection
EndGlobal
